
Microsoft Visual Studio Solution File, Format Version 12.00
# Visual Studio 15
VisualStudioVersion = 15.0.27130.2010
MinimumVisualStudioVersion = 10.0.40219.1
Project("{FAE04EC0-301F-11D3-BF4B-00C04F79EFBC}") = "Client", "Client\Client.csproj", "{02015E5F-B4B8-4ABD-9031-F7576C20C23C}"
EndProject
Project("{FAE04EC0-301F-11D3-BF4B-00C04F79EFBC}") = "Gone", "Gone\Gone.csproj", "{665337CB-CAF3-44A3-AECE-F846ED63B0E5}"
EndProject
Project("{FAE04EC0-301F-11D3-BF4B-00C04F79EFBC}") = "Gone.Tests", "Gone.Tests\Gone.Tests.csproj", "{9EF09AB3-2036-44F0-BD12-4ACB01D9C9DE}"
EndProject
Global
	GlobalSection(SolutionConfigurationPlatforms) = preSolution
		Debug|Any CPU = Debug|Any CPU
		Release|Any CPU = Release|Any CPU
	EndGlobalSection
	GlobalSection(ProjectConfigurationPlatforms) = postSolution
		{02015E5F-B4B8-4ABD-9031-F7576C20C23C}.Debug|Any CPU.ActiveCfg = Debug|Any CPU
		{02015E5F-B4B8-4ABD-9031-F7576C20C23C}.Debug|Any CPU.Build.0 = Debug|Any CPU
		{02015E5F-B4B8-4ABD-9031-F7576C20C23C}.Release|Any CPU.ActiveCfg = Release|Any CPU
		{02015E5F-B4B8-4ABD-9031-F7576C20C23C}.Release|Any CPU.Build.0 = Release|Any CPU
		{665337CB-CAF3-44A3-AECE-F846ED63B0E5}.Debug|Any CPU.ActiveCfg = Debug|Any CPU
		{665337CB-CAF3-44A3-AECE-F846ED63B0E5}.Debug|Any CPU.Build.0 = Debug|Any CPU
		{665337CB-CAF3-44A3-AECE-F846ED63B0E5}.Release|Any CPU.ActiveCfg = Release|Any CPU
		{665337CB-CAF3-44A3-AECE-F846ED63B0E5}.Release|Any CPU.Build.0 = Release|Any CPU
		{9EF09AB3-2036-44F0-BD12-4ACB01D9C9DE}.Debug|Any CPU.ActiveCfg = Debug|Any CPU
		{9EF09AB3-2036-44F0-BD12-4ACB01D9C9DE}.Debug|Any CPU.Build.0 = Debug|Any CPU
		{9EF09AB3-2036-44F0-BD12-4ACB01D9C9DE}.Release|Any CPU.ActiveCfg = Release|Any CPU
		{9EF09AB3-2036-44F0-BD12-4ACB01D9C9DE}.Release|Any CPU.Build.0 = Release|Any CPU
	EndGlobalSection
	GlobalSection(SolutionProperties) = preSolution
		HideSolutionNode = FALSE
	EndGlobalSection
	GlobalSection(ExtensibilityGlobals) = postSolution
		SolutionGuid = {97317CA5-79B9-4658-8F0D-4B0B8E439931}
	EndGlobalSection
EndGlobal
